{
  "requires": true,
  "lockfileVersion": 1,
  "dependencies": {
    "js-audio-recorder": {
      "version": "0.2.3",
      "resolved": "https://registry.npmjs.org/js-audio-recorder/-/js-audio-recorder-0.2.3.tgz",
      "integrity": "sha512-f9RbHpi/nQjlB/AL2955b8nlh9slGooQWzPSdPP/I4cfkxuza+ucIct/bXb+Ze1GrGralnbDbk1Zc1O5rhAf1g==",
      "requires": {
        "vconsole": "^3.3.0"
      }
    },
    "vconsole": {
      "version": "3.3.2",
      "resolved": "https://registry.npmjs.org/vconsole/-/vconsole-3.3.2.tgz",
      "integrity": "sha512-d5f6/q0U62Ojv5P7ROZy9TYP9te51v3QsuhNT0yZ0lZ+kN4R4rhYMpW5Y3FvYOerAhKkcnweiXQIZoKkziZEKg=="
    }
  }
}
